// !$*UTF8*$!
{
	archiveVersion = 1;
	classes = {
	};
	objectVersion = 77;
	objects = {

/* Begin PBXBuildFile section */
		26412D5D2CD04CF900D0FBD0 /* AppDelegate.swift in Sources */ = {isa = PBXBuildFile; fileRef = 26412D532CD04CF900D0FBD0 /* AppDelegate.swift */; };
		26412D5E2CD04CF900D0FBD0 /* SceneDelegate.swift in Sources */ = {isa = PBXBuildFile; fileRef = 26412D5A2CD04CF900D0FBD0 /* SceneDelegate.swift */; };
		26412D5F2CD04CF900D0FBD0 /* ViewController.swift in Sources */ = {isa = PBXBuildFile; fileRef = 26412D5B2CD04CF900D0FBD0 /* ViewController.swift */; };
		26412D602CD04CF900D0FBD0 /* Assets.xcassets in Resources */ = {isa = PBXBuildFile; fileRef = 26412D542CD04CF900D0FBD0 /* Assets.xcassets */; };
		26412D622CD04CF900D0FBD0 /* LaunchScreen.storyboard in Resources */ = {isa = PBXBuildFile; fileRef = 26412D572CD04CF900D0FBD0 /* LaunchScreen.storyboard */; };
		26412D632CD04CF900D0FBD0 /* Main.storyboard in Resources */ = {isa = PBXBuildFile; fileRef = 26412D592CD04CF900D0FBD0 /* Main.storyboard */; };
		26412D692CD04ED300D0FBD0 /* Crypto.swift in Sources */ = {isa = PBXBuildFile; fileRef = 26412D682CD04ED300D0FBD0 /* Crypto.swift */; };
		26412D6B2CD052C400D0FBD0 /* Webservice.swift in Sources */ = {isa = PBXBuildFile; fileRef = 26412D6A2CD052C400D0FBD0 /* Webservice.swift */; };
		26412D6D2CD05D0B00D0FBD0 /* CryptoViewModel.swift in Sources */ = {isa = PBXBuildFile; fileRef = 26412D6C2CD05D0B00D0FBD0 /* CryptoViewModel.swift */; };
		26412D702CD05F7C00D0FBD0 /* RxBlocking in Frameworks */ = {isa = PBXBuildFile; productRef = 26412D6F2CD05F7C00D0FBD0 /* RxBlocking */; };
		26412D722CD05F7C00D0FBD0 /* RxCocoa in Frameworks */ = {isa = PBXBuildFile; productRef = 26412D712CD05F7C00D0FBD0 /* RxCocoa */; };
		26412D742CD05F7C00D0FBD0 /* RxSwift in Frameworks */ = {isa = PBXBuildFile; productRef = 26412D732CD05F7C00D0FBD0 /* RxSwift */; };
		26412D762CD06ACC00D0FBD0 /* CryptoTableViewCell.swift in Sources */ = {isa = PBXBuildFile; fileRef = 26412D752CD06ACC00D0FBD0 /* CryptoTableViewCell.swift */; };
/* End PBXBuildFile section */

/* Begin PBXFileReference section */
		26412D3B2CD04B6D00D0FBD0 /* CryptoCrazyRxMVVM.app */ = {isa = PBXFileReference; explicitFileType = wrapper.application; includeInIndex = 0; path = CryptoCrazyRxMVVM.app; sourceTree = BUILT_PRODUCTS_DIR; };
		26412D532CD04CF900D0FBD0 /* AppDelegate.swift */ = {isa = PBXFileReference; lastKnownFileType = sourcecode.swift; path = AppDelegate.swift; sourceTree = "<group>"; };
		26412D542CD04CF900D0FBD0 /* Assets.xcassets */ = {isa = PBXFileReference; lastKnownFileType = folder.assetcatalog; path = Assets.xcassets; sourceTree = "<group>"; };
		26412D552CD04CF900D0FBD0 /* Info.plist */ = {isa = PBXFileReference; lastKnownFileType = text.plist.xml; path = Info.plist; sourceTree = "<group>"; };
		26412D562CD04CF900D0FBD0 /* Base */ = {isa = PBXFileReference; lastKnownFileType = file.storyboard; name = Base; path = Base.lproj/LaunchScreen.storyboard; sourceTree = "<group>"; };
		26412D582CD04CF900D0FBD0 /* Base */ = {isa = PBXFileReference; lastKnownFileType = file.storyboard; name = Base; path = Base.lproj/Main.storyboard; sourceTree = "<group>"; };
		26412D5A2CD04CF900D0FBD0 /* SceneDelegate.swift */ = {isa = PBXFileReference; lastKnownFileType = sourcecode.swift; path = SceneDelegate.swift; sourceTree = "<group>"; };
		26412D5B2CD04CF900D0FBD0 /* ViewController.swift */ = {isa = PBXFileReference; lastKnownFileType = sourcecode.swift; path = ViewController.swift; sourceTree = "<group>"; };
		26412D682CD04ED300D0FBD0 /* Crypto.swift */ = {isa = PBXFileReference; lastKnownFileType = sourcecode.swift; path = Crypto.swift; sourceTree = "<group>"; };
		26412D6A2CD052C400D0FBD0 /* Webservice.swift */ = {isa = PBXFileReference; lastKnownFileType = sourcecode.swift; path = Webservice.swift; sourceTree = "<group>"; };
		26412D6C2CD05D0B00D0FBD0 /* CryptoViewModel.swift */ = {isa = PBXFileReference; lastKnownFileType = sourcecode.swift; path = CryptoViewModel.swift; sourceTree = "<group>"; };
		26412D752CD06ACC00D0FBD0 /* CryptoTableViewCell.swift */ = {isa = PBXFileReference; lastKnownFileType = sourcecode.swift; path = CryptoTableViewCell.swift; sourceTree = "<group>"; };
/* End PBXFileReference section */

/* Begin PBXFrameworksBuildPhase section */
		26412D382CD04B6D00D0FBD0 /* Frameworks */ = {
			isa = PBXFrameworksBuildPhase;
			buildActionMask = 2147483647;
			files = (
				26412D742CD05F7C00D0FBD0 /* RxSwift in Frameworks */,
				26412D722CD05F7C00D0FBD0 /* RxCocoa in Frameworks */,
				26412D702CD05F7C00D0FBD0 /* RxBlocking in Frameworks */,
			);
			runOnlyForDeploymentPostprocessing = 0;
		};
/* End PBXFrameworksBuildPhase section */

/* Begin PBXGroup section */
		26412D322CD04B6D00D0FBD0 = {
			isa = PBXGroup;
			children = (
				26412D5C2CD04CF900D0FBD0 /* CryptoCrazyRxMVVM */,
				26412D3C2CD04B6D00D0FBD0 /* Products */,
			);
			sourceTree = "<group>";
		};
		26412D3C2CD04B6D00D0FBD0 /* Products */ = {
			isa = PBXGroup;
			children = (
				26412D3B2CD04B6D00D0FBD0 /* CryptoCrazyRxMVVM.app */,
			);
			name = Products;
			sourceTree = "<group>";
		};
		26412D5C2CD04CF900D0FBD0 /* CryptoCrazyRxMVVM */ = {
			isa = PBXGroup;
			children = (
				26412D672CD04D7800D0FBD0 /* Service */,
				26412D662CD04D3D00D0FBD0 /* Model */,
				26412D652CD04D2C00D0FBD0 /* ViewModel */,
				26412D642CD04D2200D0FBD0 /* View */,
				26412D572CD04CF900D0FBD0 /* LaunchScreen.storyboard */,
				26412D592CD04CF900D0FBD0 /* Main.storyboard */,
				26412D552CD04CF900D0FBD0 /* Info.plist */,
				26412D542CD04CF900D0FBD0 /* Assets.xcassets */,
			);
			path = CryptoCrazyRxMVVM;
			sourceTree = "<group>";
		};
		26412D642CD04D2200D0FBD0 /* View */ = {
			isa = PBXGroup;
			children = (
				26412D532CD04CF900D0FBD0 /* AppDelegate.swift */,
				26412D5A2CD04CF900D0FBD0 /* SceneDelegate.swift */,
				26412D5B2CD04CF900D0FBD0 /* ViewController.swift */,
				26412D752CD06ACC00D0FBD0 /* CryptoTableViewCell.swift */,
			);
			path = View;
			sourceTree = "<group>";
		};
		26412D652CD04D2C00D0FBD0 /* ViewModel */ = {
			isa = PBXGroup;
			children = (
				26412D6C2CD05D0B00D0FBD0 /* CryptoViewModel.swift */,
			);
			path = ViewModel;
			sourceTree = "<group>";
		};
		26412D662CD04D3D00D0FBD0 /* Model */ = {
			isa = PBXGroup;
			children = (
				26412D682CD04ED300D0FBD0 /* Crypto.swift */,
			);
			path = Model;
			sourceTree = "<group>";
		};
		26412D672CD04D7800D0FBD0 /* Service */ = {
			isa = PBXGroup;
			children = (
				26412D6A2CD052C400D0FBD0 /* Webservice.swift */,
			);
			path = Service;
			sourceTree = "<group>";
		};
/* End PBXGroup section */

/* Begin PBXNativeTarget section */
		26412D3A2CD04B6D00D0FBD0 /* CryptoCrazyRxMVVM */ = {
			isa = PBXNativeTarget;
			buildConfigurationList = 26412D4E2CD04B6E00D0FBD0 /* Build configuration list for PBXNativeTarget "CryptoCrazyRxMVVM" */;
			buildPhases = (
				26412D372CD04B6D00D0FBD0 /* Sources */,
				26412D382CD04B6D00D0FBD0 /* Frameworks */,
				26412D392CD04B6D00D0FBD0 /* Resources */,
			);
			buildRules = (
			);
			dependencies = (
			);
			name = CryptoCrazyRxMVVM;
			packageProductDependencies = (
				26412D6F2CD05F7C00D0FBD0 /* RxBlocking */,
				26412D712CD05F7C00D0FBD0 /* RxCocoa */,
				26412D732CD05F7C00D0FBD0 /* RxSwift */,
			);
			productName = CryptoCrazyRxMVVM;
			productReference = 26412D3B2CD04B6D00D0FBD0 /* CryptoCrazyRxMVVM.app */;
			productType = "com.apple.product-type.application";
		};
/* End PBXNativeTarget section */

/* Begin PBXProject section */
		26412D332CD04B6D00D0FBD0 /* Project object */ = {
			isa = PBXProject;
			attributes = {
				BuildIndependentTargetsInParallel = 1;
				LastSwiftUpdateCheck = 1600;
				LastUpgradeCheck = 1600;
				TargetAttributes = {
					26412D3A2CD04B6D00D0FBD0 = {
						CreatedOnToolsVersion = 16.0;
					};
				};
			};
			buildConfigurationList = 26412D362CD04B6D00D0FBD0 /* Build configuration list for PBXProject "CryptoCrazyRxMVVM" */;
			developmentRegion = en;
			hasScannedForEncodings = 0;
			knownRegions = (
				en,
				Base,
			);
			mainGroup = 26412D322CD04B6D00D0FBD0;
			minimizedProjectReferenceProxies = 1;
			packageReferences = (
				26412D6E2CD05F7C00D0FBD0 /* XCRemoteSwiftPackageReference "RxSwift" */,
			);
			preferredProjectObjectVersion = 77;
			productRefGroup = 26412D3C2CD04B6D00D0FBD0 /* Products */;
			projectDirPath = "";
			projectRoot = "";
			targets = (
				26412D3A2CD04B6D00D0FBD0 /* CryptoCrazyRxMVVM */,
			);
		};
/* End PBXProject section */

/* Begin PBXResourcesBuildPhase section */
		26412D392CD04B6D00D0FBD0 /* Resources */ = {
			isa = PBXResourcesBuildPhase;
			buildActionMask = 2147483647;
			files = (
				26412D602CD04CF900D0FBD0 /* Assets.xcassets in Resources */,
				26412D622CD04CF900D0FBD0 /* LaunchScreen.storyboard in Resources */,
				26412D632CD04CF900D0FBD0 /* Main.storyboard in Resources */,
			);
			runOnlyForDeploymentPostprocessing = 0;
		};
/* End PBXResourcesBuildPhase section */

/* Begin PBXSourcesBuildPhase section */
		26412D372CD04B6D00D0FBD0 /* Sources */ = {
			isa = PBXSourcesBuildPhase;
			buildActionMask = 2147483647;
			files = (
				26412D692CD04ED300D0FBD0 /* Crypto.swift in Sources */,
				26412D5D2CD04CF900D0FBD0 /* AppDelegate.swift in Sources */,
				26412D5E2CD04CF900D0FBD0 /* SceneDelegate.swift in Sources */,
				26412D6B2CD052C400D0FBD0 /* Webservice.swift in Sources */,
				26412D5F2CD04CF900D0FBD0 /* ViewController.swift in Sources */,
				26412D6D2CD05D0B00D0FBD0 /* CryptoViewModel.swift in Sources */,
				26412D762CD06ACC00D0FBD0 /* CryptoTableViewCell.swift in Sources */,
			);
			runOnlyForDeploymentPostprocessing = 0;
		};
/* End PBXSourcesBuildPhase section */

/* Begin PBXVariantGroup section */
		26412D572CD04CF900D0FBD0 /* LaunchScreen.storyboard */ = {
			isa = PBXVariantGroup;
			children = (
				26412D562CD04CF900D0FBD0 /* Base */,
			);
			name = LaunchScreen.storyboard;
			sourceTree = "<group>";
		};
		26412D592CD04CF900D0FBD0 /* Main.storyboard */ = {
			isa = PBXVariantGroup;
			children = (
				26412D582CD04CF900D0FBD0 /* Base */,
			);
			name = Main.storyboard;
			sourceTree = "<group>";
		};
/* End PBXVariantGroup section */

/* Begin XCBuildConfiguration section */
		26412D4F2CD04B6E00D0FBD0 /* Debug */ = {
			isa = XCBuildConfiguration;
			buildSettings = {
				ASSETCATALOG_COMPILER_APPICON_NAME = AppIcon;
				ASSETCATALOG_COMPILER_GLOBAL_ACCENT_COLOR_NAME = AccentColor;
				CODE_SIGN_STYLE = Automatic;
				CURRENT_PROJECT_VERSION = 1;
				DEVELOPMENT_TEAM = 5SALT5UTL2;
				GENERATE_INFOPLIST_FILE = YES;
				INFOPLIST_FILE = CryptoCrazyRxMVVM/Info.plist;
				INFOPLIST_KEY_UIApplicationSupportsIndirectInputEvents = YES;
				INFOPLIST_KEY_UILaunchStoryboardName = LaunchScreen;
				INFOPLIST_KEY_UIMainStoryboardFile = Main;
				INFOPLIST_KEY_UISupportedInterfaceOrientations_iPad = "UIInterfaceOrientationPortrait UIInterfaceOrientationPortraitUpsideDown UIInterfaceOrientationLandscapeLeft UIInterfaceOrientationLandscapeRight";
				INFOPLIST_KEY_UISupportedInterfaceOrientations_iPhone = "UIInterfaceOrientationPortrait UIInterfaceOrientationLandscapeLeft UIInterfaceOrientationLandscapeRight";
				LD_RUNPATH_SEARCH_PATHS = (
					"$(inherited)",
					"@executable_path/Frameworks",
				);
				MARKETING_VERSION = 1.0;
				PRODUCT_BUNDLE_IDENTIFIER = com.erenelci.CryptoCrazyRxMVVM;
				PRODUCT_NAME = "$(TARGET_NAME)";
				SWIFT_EMIT_LOC_STRINGS = YES;
				SWIFT_VERSION = 5.0;
				TARGETED_DEVICE_FAMILY = "1,2";
			};
			name = Debug;
		};
		26412D502CD04B6E00D0FBD0 /* Release */ = {
			isa = XCBuildConfiguration;
			buildSettings = {
				ASSETCATALOG_COMPILER_APPICON_NAME = AppIcon;
				ASSETCATALOG_COMPILER_GLOBAL_ACCENT_COLOR_NAME = AccentColor;
				CODE_SIGN_STYLE = Automatic;
				CURRENT_PROJECT_VERSION = 1;
				DEVELOPMENT_TEAM = 5SALT5UTL2;
				GENERATE_INFOPLIST_FILE = YES;
				INFOPLIST_FILE = CryptoCrazyRxMVVM/Info.plist;
				INFOPLIST_KEY_UIApplicationSupportsIndirectInputEvents = YES;
				INFOPLIST_KEY_UILaunchStoryboardName = LaunchScreen;
				INFOPLIST_KEY_UIMainStoryboardFile = Main;
				INFOPLIST_KEY_UISupportedInterfaceOrientations_iPad = "UIInterfaceOrientationPortrait UIInterfaceOrientationPortraitUpsideDown UIInterfaceOrientationLandscapeLeft UIInterfaceOrientationLandscapeRight";
				INFOPLIST_KEY_UISupportedInterfaceOrientations_iPhone = "UIInterfaceOrientationPortrait UIInterfaceOrientationLandscapeLeft UIInterfaceOrientationLandscapeRight";
				LD_RUNPATH_SEARCH_PATHS = (
					"$(inherited)",
					"@executable_path/Frameworks",
				);
				MARKETING_VERSION = 1.0;
				PRODUCT_BUNDLE_IDENTIFIER = com.erenelci.CryptoCrazyRxMVVM;
				PRODUCT_NAME = "$(TARGET_NAME)";
				SWIFT_EMIT_LOC_STRINGS = YES;
				SWIFT_VERSION = 5.0;
				TARGETED_DEVICE_FAMILY = "1,2";
			};
			name = Release;
		};
		26412D512CD04B6E00D0FBD0 /* Debug */ = {
			isa = XCBuildConfiguration;
			buildSettings = {
				ALWAYS_SEARCH_USER_PATHS = NO;
				ASSETCATALOG_COMPILER_GENERATE_SWIFT_ASSET_SYMBOL_EXTENSIONS = YES;
				CLANG_ANALYZER_NONNULL = YES;
				CLANG_ANALYZER_NUMBER_OBJECT_CONVERSION = YES_AGGRESSIVE;
				CLANG_CXX_LANGUAGE_STANDARD = "gnu++20";
				CLANG_ENABLE_MODULES = YES;
				CLANG_ENABLE_OBJC_ARC = YES;
				CLANG_ENABLE_OBJC_WEAK = YES;
				CLANG_WARN_BLOCK_CAPTURE_AUTORELEASING = YES;
				CLANG_WARN_BOOL_CONVERSION = YES;
				CLANG_WARN_COMMA = YES;
				CLANG_WARN_CONSTANT_CONVERSION = YES;
				CLANG_WARN_DEPRECATED_OBJC_IMPLEMENTATIONS = YES;
				CLANG_WARN_DIRECT_OBJC_ISA_USAGE = YES_ERROR;
				CLANG_WARN_DOCUMENTATION_COMMENTS = YES;
				CLANG_WARN_EMPTY_BODY = YES;
				CLANG_WARN_ENUM_CONVERSION = YES;
				CLANG_WARN_INFINITE_RECURSION = YES;
				CLANG_WARN_INT_CONVERSION = YES;
				CLANG_WARN_NON_LITERAL_NULL_CONVERSION = YES;
				CLANG_WARN_OBJC_IMPLICIT_RETAIN_SELF = YES;
				CLANG_WARN_OBJC_LITERAL_CONVERSION = YES;
				CLANG_WARN_OBJC_ROOT_CLASS = YES_ERROR;
				CLANG_WARN_QUOTED_INCLUDE_IN_FRAMEWORK_HEADER = YES;
				CLANG_WARN_RANGE_LOOP_ANALYSIS = YES;
				CLANG_WARN_STRICT_PROTOTYPES = YES;
				CLANG_WARN_SUSPICIOUS_MOVE = YES;
				CLANG_WARN_UNGUARDED_AVAILABILITY = YES_AGGRESSIVE;
				CLANG_WARN_UNREACHABLE_CODE = YES;
				CLANG_WARN__DUPLICATE_METHOD_MATCH = YES;
				COPY_PHASE_STRIP = NO;
				DEBUG_INFORMATION_FORMAT = dwarf;
				ENABLE_STRICT_OBJC_MSGSEND = YES;
				ENABLE_TESTABILITY = YES;
				ENABLE_USER_SCRIPT_SANDBOXING = YES;
				GCC_C_LANGUAGE_STANDARD = gnu17;
				GCC_DYNAMIC_NO_PIC = NO;
				GCC_NO_COMMON_BLOCKS = YES;
				GCC_OPTIMIZATION_LEVEL = 0;
				GCC_PREPROCESSOR_DEFINITIONS = (
					"DEBUG=1",
					"$(inherited)",
				);
				GCC_WARN_64_TO_32_BIT_CONVERSION = YES;
				GCC_WARN_ABOUT_RETURN_TYPE = YES_ERROR;
				GCC_WARN_UNDECLARED_SELECTOR = YES;
				GCC_WARN_UNINITIALIZED_AUTOS = YES_AGGRESSIVE;
				GCC_WARN_UNUSED_FUNCTION = YES;
				GCC_WARN_UNUSED_VARIABLE = YES;
				IPHONEOS_DEPLOYMENT_TARGET = 18.0;
				LOCALIZATION_PREFERS_STRING_CATALOGS = YES;
				MTL_ENABLE_DEBUG_INFO = INCLUDE_SOURCE;
				MTL_FAST_MATH = YES;
				ONLY_ACTIVE_ARCH = YES;
				SDKROOT = iphoneos;
				SWIFT_ACTIVE_COMPILATION_CONDITIONS = "DEBUG $(inherited)";
				SWIFT_OPTIMIZATION_LEVEL = "-Onone";
			};
			name = Debug;
		};
		26412D522CD04B6E00D0FBD0 /* Release */ = {
			isa = XCBuildConfiguration;
			buildSettings = {
				ALWAYS_SEARCH_USER_PATHS = NO;
				ASSETCATALOG_COMPILER_GENERATE_SWIFT_ASSET_SYMBOL_EXTENSIONS = YES;
				CLANG_ANALYZER_NONNULL = YES;
				CLANG_ANALYZER_NUMBER_OBJECT_CONVERSION = YES_AGGRESSIVE;
				CLANG_CXX_LANGUAGE_STANDARD = "gnu++20";
				CLANG_ENABLE_MODULES = YES;
				CLANG_ENABLE_OBJC_ARC = YES;
				CLANG_ENABLE_OBJC_WEAK = YES;
				CLANG_WARN_BLOCK_CAPTURE_AUTORELEASING = YES;
				CLANG_WARN_BOOL_CONVERSION = YES;
				CLANG_WARN_COMMA = YES;
				CLANG_WARN_CONSTANT_CONVERSION = YES;
				CLANG_WARN_DEPRECATED_OBJC_IMPLEMENTATIONS = YES;
				CLANG_WARN_DIRECT_OBJC_ISA_USAGE = YES_ERROR;
				CLANG_WARN_DOCUMENTATION_COMMENTS = YES;
				CLANG_WARN_EMPTY_BODY = YES;
				CLANG_WARN_ENUM_CONVERSION = YES;
				CLANG_WARN_INFINITE_RECURSION = YES;
				CLANG_WARN_INT_CONVERSION = YES;
				CLANG_WARN_NON_LITERAL_NULL_CONVERSION = YES;
				CLANG_WARN_OBJC_IMPLICIT_RETAIN_SELF = YES;
				CLANG_WARN_OBJC_LITERAL_CONVERSION = YES;
				CLANG_WARN_OBJC_ROOT_CLASS = YES_ERROR;
				CLANG_WARN_QUOTED_INCLUDE_IN_FRAMEWORK_HEADER = YES;
				CLANG_WARN_RANGE_LOOP_ANALYSIS = YES;
				CLANG_WARN_STRICT_PROTOTYPES = YES;
				CLANG_WARN_SUSPICIOUS_MOVE = YES;
				CLANG_WARN_UNGUARDED_AVAILABILITY = YES_AGGRESSIVE;
				CLANG_WARN_UNREACHABLE_CODE = YES;
				CLANG_WARN__DUPLICATE_METHOD_MATCH = YES;
				COPY_PHASE_STRIP = NO;
				DEBUG_INFORMATION_FORMAT = "dwarf-with-dsym";
				ENABLE_NS_ASSERTIONS = NO;
				ENABLE_STRICT_OBJC_MSGSEND = YES;
				ENABLE_USER_SCRIPT_SANDBOXING = YES;
				GCC_C_LANGUAGE_STANDARD = gnu17;
				GCC_NO_COMMON_BLOCKS = YES;
				GCC_WARN_64_TO_32_BIT_CONVERSION = YES;
				GCC_WARN_ABOUT_RETURN_TYPE = YES_ERROR;
				GCC_WARN_UNDECLARED_SELECTOR = YES;
				GCC_WARN_UNINITIALIZED_AUTOS = YES_AGGRESSIVE;
				GCC_WARN_UNUSED_FUNCTION = YES;
				GCC_WARN_UNUSED_VARIABLE = YES;
				IPHONEOS_DEPLOYMENT_TARGET = 18.0;
				LOCALIZATION_PREFERS_STRING_CATALOGS = YES;
				MTL_ENABLE_DEBUG_INFO = NO;
				MTL_FAST_MATH = YES;
				SDKROOT = iphoneos;
				SWIFT_COMPILATION_MODE = wholemodule;
				VALIDATE_PRODUCT = YES;
			};
			name = Release;
		};
/* End XCBuildConfiguration section */

/* Begin XCConfigurationList section */
		26412D362CD04B6D00D0FBD0 /* Build configuration list for PBXProject "CryptoCrazyRxMVVM" */ = {
			isa = XCConfigurationList;
			buildConfigurations = (
				26412D512CD04B6E00D0FBD0 /* Debug */,
				26412D522CD04B6E00D0FBD0 /* Release */,
			);
			defaultConfigurationIsVisible = 0;
			defaultConfigurationName = Release;
		};
		26412D4E2CD04B6E00D0FBD0 /* Build configuration list for PBXNativeTarget "CryptoCrazyRxMVVM" */ = {
			isa = XCConfigurationList;
			buildConfigurations = (
				26412D4F2CD04B6E00D0FBD0 /* Debug */,
				26412D502CD04B6E00D0FBD0 /* Release */,
			);
			defaultConfigurationIsVisible = 0;
			defaultConfigurationName = Release;
		};
/* End XCConfigurationList section */

/* Begin XCRemoteSwiftPackageReference section */
		26412D6E2CD05F7C00D0FBD0 /* XCRemoteSwiftPackageReference "RxSwift" */ = {
			isa = XCRemoteSwiftPackageReference;
			repositoryURL = "https://github.com/ReactiveX/RxSwift.git";
			requirement = {
				kind = upToNextMajorVersion;
				minimumVersion = 6.8.0;
			};
		};
/* End XCRemoteSwiftPackageReference section */

/* Begin XCSwiftPackageProductDependency section */
		26412D6F2CD05F7C00D0FBD0 /* RxBlocking */ = {
			isa = XCSwiftPackageProductDependency;
			package = 26412D6E2CD05F7C00D0FBD0 /* XCRemoteSwiftPackageReference "RxSwift" */;
			productName = RxBlocking;
		};
		26412D712CD05F7C00D0FBD0 /* RxCocoa */ = {
			isa = XCSwiftPackageProductDependency;
			package = 26412D6E2CD05F7C00D0FBD0 /* XCRemoteSwiftPackageReference "RxSwift" */;
			productName = RxCocoa;
		};
		26412D732CD05F7C00D0FBD0 /* RxSwift */ = {
			isa = XCSwiftPackageProductDependency;
			package = 26412D6E2CD05F7C00D0FBD0 /* XCRemoteSwiftPackageReference "RxSwift" */;
			productName = RxSwift;
		};
/* End XCSwiftPackageProductDependency section */
	};
	rootObject = 26412D332CD04B6D00D0FBD0 /* Project object */;
}
